
Microsoft Visual Studio Solution File, Format Version 12.00
Project("{FAE04EC0-301F-11D3-BF4B-00C04F79EFBC}") = "FiguresLibrary", "FiguresLibrary\FiguresLibrary.csproj", "{4BDCB3F1-870C-4119-ABE1-13829BB3763E}"
EndProject
Project("{FAE04EC0-301F-11D3-BF4B-00C04F79EFBC}") = "Tests", "Tests\Tests.csproj", "{FA6102F9-22B4-4182-A2FF-ECE5AA35F0B9}"
EndProject
Global
	GlobalSection(SolutionConfigurationPlatforms) = preSolution
		Debug|Any CPU = Debug|Any CPU
		Release|Any CPU = Release|Any CPU
	EndGlobalSection
	GlobalSection(ProjectConfigurationPlatforms) = postSolution
		{4BDCB3F1-870C-4119-ABE1-13829BB3763E}.Debug|Any CPU.ActiveCfg = Debug|Any CPU
		{4BDCB3F1-870C-4119-ABE1-13829BB3763E}.Debug|Any CPU.Build.0 = Debug|Any CPU
		{4BDCB3F1-870C-4119-ABE1-13829BB3763E}.Release|Any CPU.ActiveCfg = Release|Any CPU
		{4BDCB3F1-870C-4119-ABE1-13829BB3763E}.Release|Any CPU.Build.0 = Release|Any CPU
		{FA6102F9-22B4-4182-A2FF-ECE5AA35F0B9}.Debug|Any CPU.ActiveCfg = Debug|Any CPU
		{FA6102F9-22B4-4182-A2FF-ECE5AA35F0B9}.Debug|Any CPU.Build.0 = Debug|Any CPU
		{FA6102F9-22B4-4182-A2FF-ECE5AA35F0B9}.Release|Any CPU.ActiveCfg = Release|Any CPU
		{FA6102F9-22B4-4182-A2FF-ECE5AA35F0B9}.Release|Any CPU.Build.0 = Release|Any CPU
	EndGlobalSection
EndGlobal
